{
  "name": "gymrl",
  "version": "1.2.9",
  "lockfileVersion": 3,
  "requires": true,
  "packages": {
    "": {
      "name": "gymrl",
      "version": "1.2.9",
      "license": "ISC",
      "dependencies": {
        "2048game": "^1.0.9",
        "four-in-a-row": "^1.0.1"
      }
    },
    "node_modules/2048_functional": {
      "version": "0.1.1",
      "resolved": "https://registry.npmjs.org/2048_functional/-/2048_functional-0.1.1.tgz",
      "integrity": "sha512-Er2zsv8c5SjfVEFuhLJ3cf3804M/QGafcQb1aZkb8fQsJ9AYaIa1X7SwBvmkKyuMA9UrfwohoCLqqHwOn01Bqw=="
    },
    "node_modules/2048game": {
      "version": "1.0.9",
      "resolved": "https://registry.npmjs.org/2048game/-/2048game-1.0.9.tgz",
      "integrity": "sha512-1+l+ESdm+ROiu9zdAlKMW62vCvTKnf4kP9OZ80jfhVsuWPXleCtcO8cWCrhS30WliP94gLtvhIXGn+qKVJrrJg==",
      "dependencies": {
        "2048_functional": "^0.1.1"
      }
    },
    "node_modules/four-in-a-row": {
      "version": "1.0.1",
      "resolved": "https://registry.npmjs.org/four-in-a-row/-/four-in-a-row-1.0.1.tgz",
      "integrity": "sha512-fsI7+Qg9o7mz4PVPg4/UPFl8cVUOEK++djsJL45oiO5s/JP+xCIKEfVGHrwg3ve+S3VK+P1+JElOT0sRX7kzSA==",
      "engines": {
        "node": ">=16"
      }
    }
  }
}
